
Microsoft Visual Studio Solution File, Format Version 12.00
# Visual Studio Version 17
VisualStudioVersion = 17.3.32929.385
MinimumVisualStudioVersion = 10.0.40219.1
Project("{FAE04EC0-301F-11D3-BF4B-00C04F79EFBC}") = "Week09WPFCounter", "Week09WPFCounter\Week09WPFCounter.csproj", "{B365DF64-6697-4DB1-99D5-036410B92D05}"
EndProject
Global
	GlobalSection(SolutionConfigurationPlatforms) = preSolution
		Debug|Any CPU = Debug|Any CPU
		Release|Any CPU = Release|Any CPU
	EndGlobalSection
	GlobalSection(ProjectConfigurationPlatforms) = postSolution
		{B365DF64-6697-4DB1-99D5-036410B92D05}.Debug|Any CPU.ActiveCfg = Debug|Any CPU
		{B365DF64-6697-4DB1-99D5-036410B92D05}.Debug|Any CPU.Build.0 = Debug|Any CPU
		{B365DF64-6697-4DB1-99D5-036410B92D05}.Release|Any CPU.ActiveCfg = Release|Any CPU
		{B365DF64-6697-4DB1-99D5-036410B92D05}.Release|Any CPU.Build.0 = Release|Any CPU
	EndGlobalSection
	GlobalSection(SolutionProperties) = preSolution
		HideSolutionNode = FALSE
	EndGlobalSection
	GlobalSection(ExtensibilityGlobals) = postSolution
		SolutionGuid = {87F32AE1-F2BC-48C7-AC23-C9BEB7808A9F}
	EndGlobalSection
EndGlobal
